
Microsoft Visual Studio Solution File, Format Version 12.00
# Visual Studio Version 17
VisualStudioVersion = 17.9.34622.214
MinimumVisualStudioVersion = 10.0.40219.1
Project("{FAE04EC0-301F-11D3-BF4B-00C04F79EFBC}") = "VivesShop.Ui.Mvc", "VivesShop.Ui.Mvc\VivesShop.Ui.Mvc.csproj", "{69FC55BE-AFC7-4157-8BD3-D8AB4810B4CA}"
EndProject
Global
	GlobalSection(SolutionConfigurationPlatforms) = preSolution
		Debug|Any CPU = Debug|Any CPU
		Release|Any CPU = Release|Any CPU
	EndGlobalSection
	GlobalSection(ProjectConfigurationPlatforms) = postSolution
		{69FC55BE-AFC7-4157-8BD3-D8AB4810B4CA}.Debug|Any CPU.ActiveCfg = Debug|Any CPU
		{69FC55BE-AFC7-4157-8BD3-D8AB4810B4CA}.Debug|Any CPU.Build.0 = Debug|Any CPU
		{69FC55BE-AFC7-4157-8BD3-D8AB4810B4CA}.Release|Any CPU.ActiveCfg = Release|Any CPU
		{69FC55BE-AFC7-4157-8BD3-D8AB4810B4CA}.Release|Any CPU.Build.0 = Release|Any CPU
	EndGlobalSection
	GlobalSection(SolutionProperties) = preSolution
		HideSolutionNode = FALSE
	EndGlobalSection
	GlobalSection(ExtensibilityGlobals) = postSolution
		SolutionGuid = {353F2DC6-DD1E-407B-9657-5BAA341B00E1}
	EndGlobalSection
EndGlobal
